// !$*UTF8*$!
{
	archiveVersion = 1;
	classes = {
	};
	objectVersion = 56;
	objects = {

/* Begin PBXBuildFile section */
		F1EFBD042B26B6FB00619DCD /* Online_shopApp.swift in Sources */ = {isa = PBXBuildFile; fileRef = F1EFBD032B26B6FB00619DCD /* Online_shopApp.swift */; };
		F1EFBD062B26B6FB00619DCD /* ContentView.swift in Sources */ = {isa = PBXBuildFile; fileRef = F1EFBD052B26B6FB00619DCD /* ContentView.swift */; };
		F1EFBD082B26B70000619DCD /* Assets.xcassets in Resources */ = {isa = PBXBuildFile; fileRef = F1EFBD072B26B70000619DCD /* Assets.xcassets */; };
		F1EFBD0B2B26B70000619DCD /* Preview Assets.xcassets in Resources */ = {isa = PBXBuildFile; fileRef = F1EFBD0A2B26B70000619DCD /* Preview Assets.xcassets */; };
		F1EFBD172B26B72A00619DCD /* Orange.jpeg in Resources */ = {isa = PBXBuildFile; fileRef = F1EFBD112B26B72A00619DCD /* Orange.jpeg */; };
		F1EFBD182B26B72A00619DCD /* Tomato.jpeg in Resources */ = {isa = PBXBuildFile; fileRef = F1EFBD122B26B72A00619DCD /* Tomato.jpeg */; };
		F1EFBD192B26B72A00619DCD /* Brocoli.jpeg in Resources */ = {isa = PBXBuildFile; fileRef = F1EFBD132B26B72A00619DCD /* Brocoli.jpeg */; };
		F1EFBD1A2B26B72A00619DCD /* Apple.jpeg in Resources */ = {isa = PBXBuildFile; fileRef = F1EFBD142B26B72A00619DCD /* Apple.jpeg */; };
		F1EFBD1B2B26B72A00619DCD /* Banana.jpeg in Resources */ = {isa = PBXBuildFile; fileRef = F1EFBD152B26B72A00619DCD /* Banana.jpeg */; };
		F1EFBD1C2B26B72A00619DCD /* Carrot.jpeg in Resources */ = {isa = PBXBuildFile; fileRef = F1EFBD162B26B72A00619DCD /* Carrot.jpeg */; };
		F1EFBD1E2B26B79200619DCD /* ProductData.swift in Sources */ = {isa = PBXBuildFile; fileRef = F1EFBD1D2B26B79100619DCD /* ProductData.swift */; };
		F1EFBD202B26EDF800619DCD /* ViewModel.swift in Sources */ = {isa = PBXBuildFile; fileRef = F1EFBD1F2B26EDF800619DCD /* ViewModel.swift */; };
/* End PBXBuildFile section */

/* Begin PBXFileReference section */
		F1EFBD002B26B6FB00619DCD /* Online shop.app */ = {isa = PBXFileReference; explicitFileType = wrapper.application; includeInIndex = 0; path = "Online shop.app"; sourceTree = BUILT_PRODUCTS_DIR; };
		F1EFBD032B26B6FB00619DCD /* Online_shopApp.swift */ = {isa = PBXFileReference; lastKnownFileType = sourcecode.swift; path = Online_shopApp.swift; sourceTree = "<group>"; };
		F1EFBD052B26B6FB00619DCD /* ContentView.swift */ = {isa = PBXFileReference; lastKnownFileType = sourcecode.swift; path = ContentView.swift; sourceTree = "<group>"; };
		F1EFBD072B26B70000619DCD /* Assets.xcassets */ = {isa = PBXFileReference; lastKnownFileType = folder.assetcatalog; path = Assets.xcassets; sourceTree = "<group>"; };
		F1EFBD0A2B26B70000619DCD /* Preview Assets.xcassets */ = {isa = PBXFileReference; lastKnownFileType = folder.assetcatalog; path = "Preview Assets.xcassets"; sourceTree = "<group>"; };
		F1EFBD112B26B72A00619DCD /* Orange.jpeg */ = {isa = PBXFileReference; lastKnownFileType = image.jpeg; name = Orange.jpeg; path = ../../../Orange.jpeg; sourceTree = "<group>"; };
		F1EFBD122B26B72A00619DCD /* Tomato.jpeg */ = {isa = PBXFileReference; lastKnownFileType = image.jpeg; name = Tomato.jpeg; path = ../../../Tomato.jpeg; sourceTree = "<group>"; };
		F1EFBD132B26B72A00619DCD /* Brocoli.jpeg */ = {isa = PBXFileReference; lastKnownFileType = image.jpeg; name = Brocoli.jpeg; path = ../../../Brocoli.jpeg; sourceTree = "<group>"; };
		F1EFBD142B26B72A00619DCD /* Apple.jpeg */ = {isa = PBXFileReference; lastKnownFileType = image.jpeg; name = Apple.jpeg; path = ../../../Apple.jpeg; sourceTree = "<group>"; };
		F1EFBD152B26B72A00619DCD /* Banana.jpeg */ = {isa = PBXFileReference; lastKnownFileType = image.jpeg; name = Banana.jpeg; path = ../../../Banana.jpeg; sourceTree = "<group>"; };
		F1EFBD162B26B72A00619DCD /* Carrot.jpeg */ = {isa = PBXFileReference; lastKnownFileType = image.jpeg; name = Carrot.jpeg; path = ../../../Carrot.jpeg; sourceTree = "<group>"; };
		F1EFBD1D2B26B79100619DCD /* ProductData.swift */ = {isa = PBXFileReference; lastKnownFileType = sourcecode.swift; path = ProductData.swift; sourceTree = "<group>"; };
		F1EFBD1F2B26EDF800619DCD /* ViewModel.swift */ = {isa = PBXFileReference; lastKnownFileType = sourcecode.swift; path = ViewModel.swift; sourceTree = "<group>"; };
/* End PBXFileReference section */

/* Begin PBXFrameworksBuildPhase section */
		F1EFBCFD2B26B6FB00619DCD /* Frameworks */ = {
			isa = PBXFrameworksBuildPhase;
			buildActionMask = 2147483647;
			files = (
			);
			runOnlyForDeploymentPostprocessing = 0;
		};
/* End PBXFrameworksBuildPhase section */

/* Begin PBXGroup section */
		F1EFBCF72B26B6FB00619DCD = {
			isa = PBXGroup;
			children = (
				F1EFBD022B26B6FB00619DCD /* Online shop */,
				F1EFBD012B26B6FB00619DCD /* Products */,
			);
			sourceTree = "<group>";
		};
		F1EFBD012B26B6FB00619DCD /* Products */ = {
			isa = PBXGroup;
			children = (
				F1EFBD002B26B6FB00619DCD /* Online shop.app */,
			);
			name = Products;
			sourceTree = "<group>";
		};
		F1EFBD022B26B6FB00619DCD /* Online shop */ = {
			isa = PBXGroup;
			children = (
				F1EFBD032B26B6FB00619DCD /* Online_shopApp.swift */,
				F1EFBD232B272D0200619DCD /* Data */,
				F1EFBD212B272CCC00619DCD /* Model */,
				F1EFBD1F2B26EDF800619DCD /* ViewModel.swift */,
				F1EFBD222B272CE300619DCD /* View */,
				F1EFBD072B26B70000619DCD /* Assets.xcassets */,
				F1EFBD092B26B70000619DCD /* Preview Content */,
			);
			path = "Online shop";
			sourceTree = "<group>";
		};
		F1EFBD092B26B70000619DCD /* Preview Content */ = {
			isa = PBXGroup;
			children = (
				F1EFBD142B26B72A00619DCD /* Apple.jpeg */,
				F1EFBD152B26B72A00619DCD /* Banana.jpeg */,
				F1EFBD132B26B72A00619DCD /* Brocoli.jpeg */,
				F1EFBD162B26B72A00619DCD /* Carrot.jpeg */,
				F1EFBD112B26B72A00619DCD /* Orange.jpeg */,
				F1EFBD122B26B72A00619DCD /* Tomato.jpeg */,
				F1EFBD0A2B26B70000619DCD /* Preview Assets.xcassets */,
			);
			path = "Preview Content";
			sourceTree = "<group>";
		};
		F1EFBD212B272CCC00619DCD /* Model */ = {
			isa = PBXGroup;
			children = (
			);
			path = Model;
			sourceTree = "<group>";
		};
		F1EFBD222B272CE300619DCD /* View */ = {
			isa = PBXGroup;
			children = (
				F1EFBD052B26B6FB00619DCD /* ContentView.swift */,
			);
			path = View;
			sourceTree = "<group>";
		};
		F1EFBD232B272D0200619DCD /* Data */ = {
			isa = PBXGroup;
			children = (
				F1EFBD1D2B26B79100619DCD /* ProductData.swift */,
			);
			path = Data;
			sourceTree = "<group>";
		};
/* End PBXGroup section */

/* Begin PBXNativeTarget section */
		F1EFBCFF2B26B6FB00619DCD /* Online shop */ = {
			isa = PBXNativeTarget;
			buildConfigurationList = F1EFBD0E2B26B70000619DCD /* Build configuration list for PBXNativeTarget "Online shop" */;
			buildPhases = (
				F1EFBCFC2B26B6FB00619DCD /* Sources */,
				F1EFBCFD2B26B6FB00619DCD /* Frameworks */,
				F1EFBCFE2B26B6FB00619DCD /* Resources */,
			);
			buildRules = (
			);
			dependencies = (
			);
			name = "Online shop";
			productName = "Online shop";
			productReference = F1EFBD002B26B6FB00619DCD /* Online shop.app */;
			productType = "com.apple.product-type.application";
		};
/* End PBXNativeTarget section */

/* Begin PBXProject section */
		F1EFBCF82B26B6FB00619DCD /* Project object */ = {
			isa = PBXProject;
			attributes = {
				BuildIndependentTargetsInParallel = 1;
				LastSwiftUpdateCheck = 1500;
				LastUpgradeCheck = 1500;
				TargetAttributes = {
					F1EFBCFF2B26B6FB00619DCD = {
						CreatedOnToolsVersion = 15.0;
					};
				};
			};
			buildConfigurationList = F1EFBCFB2B26B6FB00619DCD /* Build configuration list for PBXProject "Online shop" */;
			compatibilityVersion = "Xcode 14.0";
			developmentRegion = en;
			hasScannedForEncodings = 0;
			knownRegions = (
				en,
				Base,
			);
			mainGroup = F1EFBCF72B26B6FB00619DCD;
			productRefGroup = F1EFBD012B26B6FB00619DCD /* Products */;
			projectDirPath = "";
			projectRoot = "";
			targets = (
				F1EFBCFF2B26B6FB00619DCD /* Online shop */,
			);
		};
/* End PBXProject section */

/* Begin PBXResourcesBuildPhase section */
		F1EFBCFE2B26B6FB00619DCD /* Resources */ = {
			isa = PBXResourcesBuildPhase;
			buildActionMask = 2147483647;
			files = (
				F1EFBD1B2B26B72A00619DCD /* Banana.jpeg in Resources */,
				F1EFBD0B2B26B70000619DCD /* Preview Assets.xcassets in Resources */,
				F1EFBD1C2B26B72A00619DCD /* Carrot.jpeg in Resources */,
				F1EFBD172B26B72A00619DCD /* Orange.jpeg in Resources */,
				F1EFBD1A2B26B72A00619DCD /* Apple.jpeg in Resources */,
				F1EFBD192B26B72A00619DCD /* Brocoli.jpeg in Resources */,
				F1EFBD082B26B70000619DCD /* Assets.xcassets in Resources */,
				F1EFBD182B26B72A00619DCD /* Tomato.jpeg in Resources */,
			);
			runOnlyForDeploymentPostprocessing = 0;
		};
/* End PBXResourcesBuildPhase section */

/* Begin PBXSourcesBuildPhase section */
		F1EFBCFC2B26B6FB00619DCD /* Sources */ = {
			isa = PBXSourcesBuildPhase;
			buildActionMask = 2147483647;
			files = (
				F1EFBD062B26B6FB00619DCD /* ContentView.swift in Sources */,
				F1EFBD042B26B6FB00619DCD /* Online_shopApp.swift in Sources */,
				F1EFBD202B26EDF800619DCD /* ViewModel.swift in Sources */,
				F1EFBD1E2B26B79200619DCD /* ProductData.swift in Sources */,
			);
			runOnlyForDeploymentPostprocessing = 0;
		};
/* End PBXSourcesBuildPhase section */

/* Begin XCBuildConfiguration section */
		F1EFBD0C2B26B70000619DCD /* Debug */ = {
			isa = XCBuildConfiguration;
			buildSettings = {
				ALWAYS_SEARCH_USER_PATHS = NO;
				ASSETCATALOG_COMPILER_GENERATE_SWIFT_ASSET_SYMBOL_EXTENSIONS = YES;
				CLANG_ANALYZER_NONNULL = YES;
				CLANG_ANALYZER_NUMBER_OBJECT_CONVERSION = YES_AGGRESSIVE;
				CLANG_CXX_LANGUAGE_STANDARD = "gnu++20";
				CLANG_ENABLE_MODULES = YES;
				CLANG_ENABLE_OBJC_ARC = YES;
				CLANG_ENABLE_OBJC_WEAK = YES;
				CLANG_WARN_BLOCK_CAPTURE_AUTORELEASING = YES;
				CLANG_WARN_BOOL_CONVERSION = YES;
				CLANG_WARN_COMMA = YES;
				CLANG_WARN_CONSTANT_CONVERSION = YES;
				CLANG_WARN_DEPRECATED_OBJC_IMPLEMENTATIONS = YES;
				CLANG_WARN_DIRECT_OBJC_ISA_USAGE = YES_ERROR;
				CLANG_WARN_DOCUMENTATION_COMMENTS = YES;
				CLANG_WARN_EMPTY_BODY = YES;
				CLANG_WARN_ENUM_CONVERSION = YES;
				CLANG_WARN_INFINITE_RECURSION = YES;
				CLANG_WARN_INT_CONVERSION = YES;
				CLANG_WARN_NON_LITERAL_NULL_CONVERSION = YES;
				CLANG_WARN_OBJC_IMPLICIT_RETAIN_SELF = YES;
				CLANG_WARN_OBJC_LITERAL_CONVERSION = YES;
				CLANG_WARN_OBJC_ROOT_CLASS = YES_ERROR;
				CLANG_WARN_QUOTED_INCLUDE_IN_FRAMEWORK_HEADER = YES;
				CLANG_WARN_RANGE_LOOP_ANALYSIS = YES;
				CLANG_WARN_STRICT_PROTOTYPES = YES;
				CLANG_WARN_SUSPICIOUS_MOVE = YES;
				CLANG_WARN_UNGUARDED_AVAILABILITY = YES_AGGRESSIVE;
				CLANG_WARN_UNREACHABLE_CODE = YES;
				CLANG_WARN__DUPLICATE_METHOD_MATCH = YES;
				COPY_PHASE_STRIP = NO;
				DEBUG_INFORMATION_FORMAT = dwarf;
				ENABLE_STRICT_OBJC_MSGSEND = YES;
				ENABLE_TESTABILITY = YES;
				ENABLE_USER_SCRIPT_SANDBOXING = YES;
				GCC_C_LANGUAGE_STANDARD = gnu17;
				GCC_DYNAMIC_NO_PIC = NO;
				GCC_NO_COMMON_BLOCKS = YES;
				GCC_OPTIMIZATION_LEVEL = 0;
				GCC_PREPROCESSOR_DEFINITIONS = (
					"DEBUG=1",
					"$(inherited)",
				);
				GCC_WARN_64_TO_32_BIT_CONVERSION = YES;
				GCC_WARN_ABOUT_RETURN_TYPE = YES_ERROR;
				GCC_WARN_UNDECLARED_SELECTOR = YES;
				GCC_WARN_UNINITIALIZED_AUTOS = YES_AGGRESSIVE;
				GCC_WARN_UNUSED_FUNCTION = YES;
				GCC_WARN_UNUSED_VARIABLE = YES;
				IPHONEOS_DEPLOYMENT_TARGET = 17.0;
				LOCALIZATION_PREFERS_STRING_CATALOGS = YES;
				MTL_ENABLE_DEBUG_INFO = INCLUDE_SOURCE;
				MTL_FAST_MATH = YES;
				ONLY_ACTIVE_ARCH = YES;
				SDKROOT = iphoneos;
				SWIFT_ACTIVE_COMPILATION_CONDITIONS = "DEBUG $(inherited)";
				SWIFT_OPTIMIZATION_LEVEL = "-Onone";
			};
			name = Debug;
		};
		F1EFBD0D2B26B70000619DCD /* Release */ = {
			isa = XCBuildConfiguration;
			buildSettings = {
				ALWAYS_SEARCH_USER_PATHS = NO;
				ASSETCATALOG_COMPILER_GENERATE_SWIFT_ASSET_SYMBOL_EXTENSIONS = YES;
				CLANG_ANALYZER_NONNULL = YES;
				CLANG_ANALYZER_NUMBER_OBJECT_CONVERSION = YES_AGGRESSIVE;
				CLANG_CXX_LANGUAGE_STANDARD = "gnu++20";
				CLANG_ENABLE_MODULES = YES;
				CLANG_ENABLE_OBJC_ARC = YES;
				CLANG_ENABLE_OBJC_WEAK = YES;
				CLANG_WARN_BLOCK_CAPTURE_AUTORELEASING = YES;
				CLANG_WARN_BOOL_CONVERSION = YES;
				CLANG_WARN_COMMA = YES;
				CLANG_WARN_CONSTANT_CONVERSION = YES;
				CLANG_WARN_DEPRECATED_OBJC_IMPLEMENTATIONS = YES;
				CLANG_WARN_DIRECT_OBJC_ISA_USAGE = YES_ERROR;
				CLANG_WARN_DOCUMENTATION_COMMENTS = YES;
				CLANG_WARN_EMPTY_BODY = YES;
				CLANG_WARN_ENUM_CONVERSION = YES;
				CLANG_WARN_INFINITE_RECURSION = YES;
				CLANG_WARN_INT_CONVERSION = YES;
				CLANG_WARN_NON_LITERAL_NULL_CONVERSION = YES;
				CLANG_WARN_OBJC_IMPLICIT_RETAIN_SELF = YES;
				CLANG_WARN_OBJC_LITERAL_CONVERSION = YES;
				CLANG_WARN_OBJC_ROOT_CLASS = YES_ERROR;
				CLANG_WARN_QUOTED_INCLUDE_IN_FRAMEWORK_HEADER = YES;
				CLANG_WARN_RANGE_LOOP_ANALYSIS = YES;
				CLANG_WARN_STRICT_PROTOTYPES = YES;
				CLANG_WARN_SUSPICIOUS_MOVE = YES;
				CLANG_WARN_UNGUARDED_AVAILABILITY = YES_AGGRESSIVE;
				CLANG_WARN_UNREACHABLE_CODE = YES;
				CLANG_WARN__DUPLICATE_METHOD_MATCH = YES;
				COPY_PHASE_STRIP = NO;
				DEBUG_INFORMATION_FORMAT = "dwarf-with-dsym";
				ENABLE_NS_ASSERTIONS = NO;
				ENABLE_STRICT_OBJC_MSGSEND = YES;
				ENABLE_USER_SCRIPT_SANDBOXING = YES;
				GCC_C_LANGUAGE_STANDARD = gnu17;
				GCC_NO_COMMON_BLOCKS = YES;
				GCC_WARN_64_TO_32_BIT_CONVERSION = YES;
				GCC_WARN_ABOUT_RETURN_TYPE = YES_ERROR;
				GCC_WARN_UNDECLARED_SELECTOR = YES;
				GCC_WARN_UNINITIALIZED_AUTOS = YES_AGGRESSIVE;
				GCC_WARN_UNUSED_FUNCTION = YES;
				GCC_WARN_UNUSED_VARIABLE = YES;
				IPHONEOS_DEPLOYMENT_TARGET = 17.0;
				LOCALIZATION_PREFERS_STRING_CATALOGS = YES;
				MTL_ENABLE_DEBUG_INFO = NO;
				MTL_FAST_MATH = YES;
				SDKROOT = iphoneos;
				SWIFT_COMPILATION_MODE = wholemodule;
				VALIDATE_PRODUCT = YES;
			};
			name = Release;
		};
		F1EFBD0F2B26B70000619DCD /* Debug */ = {
			isa = XCBuildConfiguration;
			buildSettings = {
				ASSETCATALOG_COMPILER_APPICON_NAME = AppIcon;
				ASSETCATALOG_COMPILER_GLOBAL_ACCENT_COLOR_NAME = AccentColor;
				CODE_SIGN_STYLE = Automatic;
				CURRENT_PROJECT_VERSION = 1;
				DEVELOPMENT_ASSET_PATHS = "\"Online shop/Preview Content\"";
				ENABLE_PREVIEWS = YES;
				GENERATE_INFOPLIST_FILE = YES;
				INFOPLIST_KEY_UIApplicationSceneManifest_Generation = YES;
				INFOPLIST_KEY_UIApplicationSupportsIndirectInputEvents = YES;
				INFOPLIST_KEY_UILaunchScreen_Generation = YES;
				INFOPLIST_KEY_UISupportedInterfaceOrientations_iPad = "UIInterfaceOrientationPortrait UIInterfaceOrientationPortraitUpsideDown UIInterfaceOrientationLandscapeLeft UIInterfaceOrientationLandscapeRight";
				INFOPLIST_KEY_UISupportedInterfaceOrientations_iPhone = "UIInterfaceOrientationPortrait UIInterfaceOrientationLandscapeLeft UIInterfaceOrientationLandscapeRight";
				LD_RUNPATH_SEARCH_PATHS = (
					"$(inherited)",
					"@executable_path/Frameworks",
				);
				MARKETING_VERSION = 1.0;
				PRODUCT_BUNDLE_IDENTIFIER = "iOS.Online-shop";
				PRODUCT_NAME = "$(TARGET_NAME)";
				SWIFT_EMIT_LOC_STRINGS = YES;
				SWIFT_VERSION = 5.0;
				TARGETED_DEVICE_FAMILY = "1,2";
			};
			name = Debug;
		};
		F1EFBD102B26B70000619DCD /* Release */ = {
			isa = XCBuildConfiguration;
			buildSettings = {
				ASSETCATALOG_COMPILER_APPICON_NAME = AppIcon;
				ASSETCATALOG_COMPILER_GLOBAL_ACCENT_COLOR_NAME = AccentColor;
				CODE_SIGN_STYLE = Automatic;
				CURRENT_PROJECT_VERSION = 1;
				DEVELOPMENT_ASSET_PATHS = "\"Online shop/Preview Content\"";
				ENABLE_PREVIEWS = YES;
				GENERATE_INFOPLIST_FILE = YES;
				INFOPLIST_KEY_UIApplicationSceneManifest_Generation = YES;
				INFOPLIST_KEY_UIApplicationSupportsIndirectInputEvents = YES;
				INFOPLIST_KEY_UILaunchScreen_Generation = YES;
				INFOPLIST_KEY_UISupportedInterfaceOrientations_iPad = "UIInterfaceOrientationPortrait UIInterfaceOrientationPortraitUpsideDown UIInterfaceOrientationLandscapeLeft UIInterfaceOrientationLandscapeRight";
				INFOPLIST_KEY_UISupportedInterfaceOrientations_iPhone = "UIInterfaceOrientationPortrait UIInterfaceOrientationLandscapeLeft UIInterfaceOrientationLandscapeRight";
				LD_RUNPATH_SEARCH_PATHS = (
					"$(inherited)",
					"@executable_path/Frameworks",
				);
				MARKETING_VERSION = 1.0;
				PRODUCT_BUNDLE_IDENTIFIER = "iOS.Online-shop";
				PRODUCT_NAME = "$(TARGET_NAME)";
				SWIFT_EMIT_LOC_STRINGS = YES;
				SWIFT_VERSION = 5.0;
				TARGETED_DEVICE_FAMILY = "1,2";
			};
			name = Release;
		};
/* End XCBuildConfiguration section */

/* Begin XCConfigurationList section */
		F1EFBCFB2B26B6FB00619DCD /* Build configuration list for PBXProject "Online shop" */ = {
			isa = XCConfigurationList;
			buildConfigurations = (
				F1EFBD0C2B26B70000619DCD /* Debug */,
				F1EFBD0D2B26B70000619DCD /* Release */,
			);
			defaultConfigurationIsVisible = 0;
			defaultConfigurationName = Release;
		};
		F1EFBD0E2B26B70000619DCD /* Build configuration list for PBXNativeTarget "Online shop" */ = {
			isa = XCConfigurationList;
			buildConfigurations = (
				F1EFBD0F2B26B70000619DCD /* Debug */,
				F1EFBD102B26B70000619DCD /* Release */,
			);
			defaultConfigurationIsVisible = 0;
			defaultConfigurationName = Release;
		};
/* End XCConfigurationList section */
	};
	rootObject = F1EFBCF82B26B6FB00619DCD /* Project object */;
}
